github.com/Supme/emailwriters v0.0.1 h1:Ud1Km/4tl+MavlUsFK/vGpxWFSF9Vq98A+EVYsjSGfo=
github.com/Supme/emailwriters v0.0.1/go.mod h1:NYZNaI47axMDrbP0FQCpwa03AM9LK9YvPTT18JTceYM=
github.com/microo8/plgo v0.0.0-20190306070403-7d1e8b36978e h1:hsUsHS37ceN00D6FkqdzgkDDljrh+OBUINi3mepsQSg=
github.com/microo8/plgo v0.0.0-20190306070403-7d1e8b36978e/go.mod h1:iruRNPK/ix76d2nyCkPTFyx2ynkboS77stuFse8lTcA=
